
Microsoft Visual Studio Solution File, Format Version 12.00
# Visual Studio Version 17
VisualStudioVersion = 17.1.32414.318
MinimumVisualStudioVersion = 10.0.40219.1
Project("{9A19103F-16F7-4668-BE54-9A1E7A4F7556}") = "SharpV8", "SharpV8\SharpV8.csproj", "{A5860B0F-7C45-479A-BF73-285EA2E02F10}"
EndProject
Project("{9A19103F-16F7-4668-BE54-9A1E7A4F7556}") = "SharpV8Test", "SharpV8Test\SharpV8Test.csproj", "{7F93B46E-E2F6-4A76-99CE-A2BB368BE368}"
EndProject
Project("{9A19103F-16F7-4668-BE54-9A1E7A4F7556}") = "SharpV8.ICUData", "SharpV8.ICUData\SharpV8.ICUData.csproj", "{CA2F0633-9C51-4D7C-BC5D-457C049B4059}"
EndProject
Project("{9A19103F-16F7-4668-BE54-9A1E7A4F7556}") = "SharpV8.SunSpiderBench", "SharpV8.SunSpiderBench\SharpV8.SunSpiderBench.csproj", "{4D24F5CF-C13D-4B54-AD46-946859B7D3B7}"
EndProject
Project("{9A19103F-16F7-4668-BE54-9A1E7A4F7556}") = "SharpV8.Benchmarks", "SharpV8.Benchmarks\SharpV8.Benchmarks.csproj", "{44C2C03B-1A80-428F-839F-658DD1469CB0}"
EndProject
Project("{2150E333-8FDC-42A3-9474-1A3956D46DE8}") = "Native", "Native", "{C0E7269E-BE7B-4CC3-9F91-6EA1C759FF4A}"
EndProject
Project("{8BC9CEB8-8B4A-11D0-8D11-00A0C91BC942}") = "SharpV8.Native.win-arm64", "SharpV8.Native\win-arm64\SharpV8.Native.win-arm64.vcxproj", "{725B6D7A-ECC7-4A28-AF52-B1CB22C37134}"
EndProject
Project("{8BC9CEB8-8B4A-11D0-8D11-00A0C91BC942}") = "SharpV8.Native.win-x64", "SharpV8.Native\win-x64\SharpV8.Native.win-x64.vcxproj", "{CDCF4EEA-1CA4-412E-8C77-78893A67A577}"
EndProject
Project("{8BC9CEB8-8B4A-11D0-8D11-00A0C91BC942}") = "SharpV8.Native.win-x86", "SharpV8.Native\win-x86\SharpV8.Native.win-x86.vcxproj", "{2D63EA35-BA9C-4E77-B5A4-4938DBBFEFA6}"
EndProject
Global
	GlobalSection(SolutionConfigurationPlatforms) = preSolution
		Debug|Any CPU = Debug|Any CPU
		Debug|arm64 = Debug|arm64
		Debug|x64 = Debug|x64
		Debug|x86 = Debug|x86
		Release|Any CPU = Release|Any CPU
		Release|arm64 = Release|arm64
		Release|x64 = Release|x64
		Release|x86 = Release|x86
	EndGlobalSection
	GlobalSection(ProjectConfigurationPlatforms) = postSolution
		{A5860B0F-7C45-479A-BF73-285EA2E02F10}.Debug|Any CPU.ActiveCfg = Debug|Any CPU
		{A5860B0F-7C45-479A-BF73-285EA2E02F10}.Debug|Any CPU.Build.0 = Debug|Any CPU
		{A5860B0F-7C45-479A-BF73-285EA2E02F10}.Debug|arm64.ActiveCfg = Debug|Any CPU
		{A5860B0F-7C45-479A-BF73-285EA2E02F10}.Debug|arm64.Build.0 = Debug|Any CPU
		{A5860B0F-7C45-479A-BF73-285EA2E02F10}.Debug|x64.ActiveCfg = Debug|Any CPU
		{A5860B0F-7C45-479A-BF73-285EA2E02F10}.Debug|x64.Build.0 = Debug|Any CPU
		{A5860B0F-7C45-479A-BF73-285EA2E02F10}.Debug|x86.ActiveCfg = Debug|Any CPU
		{A5860B0F-7C45-479A-BF73-285EA2E02F10}.Debug|x86.Build.0 = Debug|Any CPU
		{A5860B0F-7C45-479A-BF73-285EA2E02F10}.Release|Any CPU.ActiveCfg = Release|Any CPU
		{A5860B0F-7C45-479A-BF73-285EA2E02F10}.Release|Any CPU.Build.0 = Release|Any CPU
		{A5860B0F-7C45-479A-BF73-285EA2E02F10}.Release|arm64.ActiveCfg = Release|Any CPU
		{A5860B0F-7C45-479A-BF73-285EA2E02F10}.Release|arm64.Build.0 = Release|Any CPU
		{A5860B0F-7C45-479A-BF73-285EA2E02F10}.Release|x64.ActiveCfg = Release|Any CPU
		{A5860B0F-7C45-479A-BF73-285EA2E02F10}.Release|x64.Build.0 = Release|Any CPU
		{A5860B0F-7C45-479A-BF73-285EA2E02F10}.Release|x86.ActiveCfg = Release|Any CPU
		{A5860B0F-7C45-479A-BF73-285EA2E02F10}.Release|x86.Build.0 = Release|Any CPU
		{7F93B46E-E2F6-4A76-99CE-A2BB368BE368}.Debug|Any CPU.ActiveCfg = Debug|Any CPU
		{7F93B46E-E2F6-4A76-99CE-A2BB368BE368}.Debug|Any CPU.Build.0 = Debug|Any CPU
		{7F93B46E-E2F6-4A76-99CE-A2BB368BE368}.Debug|arm64.ActiveCfg = Debug|Any CPU
		{7F93B46E-E2F6-4A76-99CE-A2BB368BE368}.Debug|arm64.Build.0 = Debug|Any CPU
		{7F93B46E-E2F6-4A76-99CE-A2BB368BE368}.Debug|x64.ActiveCfg = Debug|Any CPU
		{7F93B46E-E2F6-4A76-99CE-A2BB368BE368}.Debug|x64.Build.0 = Debug|Any CPU
		{7F93B46E-E2F6-4A76-99CE-A2BB368BE368}.Debug|x86.ActiveCfg = Debug|Any CPU
		{7F93B46E-E2F6-4A76-99CE-A2BB368BE368}.Debug|x86.Build.0 = Debug|Any CPU
		{7F93B46E-E2F6-4A76-99CE-A2BB368BE368}.Release|Any CPU.ActiveCfg = Release|Any CPU
		{7F93B46E-E2F6-4A76-99CE-A2BB368BE368}.Release|Any CPU.Build.0 = Release|Any CPU
		{7F93B46E-E2F6-4A76-99CE-A2BB368BE368}.Release|arm64.ActiveCfg = Release|Any CPU
		{7F93B46E-E2F6-4A76-99CE-A2BB368BE368}.Release|arm64.Build.0 = Release|Any CPU
		{7F93B46E-E2F6-4A76-99CE-A2BB368BE368}.Release|x64.ActiveCfg = Release|Any CPU
		{7F93B46E-E2F6-4A76-99CE-A2BB368BE368}.Release|x64.Build.0 = Release|Any CPU
		{7F93B46E-E2F6-4A76-99CE-A2BB368BE368}.Release|x86.ActiveCfg = Release|Any CPU
		{7F93B46E-E2F6-4A76-99CE-A2BB368BE368}.Release|x86.Build.0 = Release|Any CPU
		{CA2F0633-9C51-4D7C-BC5D-457C049B4059}.Debug|Any CPU.ActiveCfg = Debug|Any CPU
		{CA2F0633-9C51-4D7C-BC5D-457C049B4059}.Debug|Any CPU.Build.0 = Debug|Any CPU
		{CA2F0633-9C51-4D7C-BC5D-457C049B4059}.Debug|arm64.ActiveCfg = Debug|Any CPU
		{CA2F0633-9C51-4D7C-BC5D-457C049B4059}.Debug|arm64.Build.0 = Debug|Any CPU
		{CA2F0633-9C51-4D7C-BC5D-457C049B4059}.Debug|x64.ActiveCfg = Debug|Any CPU
		{CA2F0633-9C51-4D7C-BC5D-457C049B4059}.Debug|x64.Build.0 = Debug|Any CPU
		{CA2F0633-9C51-4D7C-BC5D-457C049B4059}.Debug|x86.ActiveCfg = Debug|Any CPU
		{CA2F0633-9C51-4D7C-BC5D-457C049B4059}.Debug|x86.Build.0 = Debug|Any CPU
		{CA2F0633-9C51-4D7C-BC5D-457C049B4059}.Release|Any CPU.ActiveCfg = Release|Any CPU
		{CA2F0633-9C51-4D7C-BC5D-457C049B4059}.Release|Any CPU.Build.0 = Release|Any CPU
		{CA2F0633-9C51-4D7C-BC5D-457C049B4059}.Release|arm64.ActiveCfg = Release|Any CPU
		{CA2F0633-9C51-4D7C-BC5D-457C049B4059}.Release|arm64.Build.0 = Release|Any CPU
		{CA2F0633-9C51-4D7C-BC5D-457C049B4059}.Release|x64.ActiveCfg = Release|Any CPU
		{CA2F0633-9C51-4D7C-BC5D-457C049B4059}.Release|x64.Build.0 = Release|Any CPU
		{CA2F0633-9C51-4D7C-BC5D-457C049B4059}.Release|x86.ActiveCfg = Release|Any CPU
		{CA2F0633-9C51-4D7C-BC5D-457C049B4059}.Release|x86.Build.0 = Release|Any CPU
		{4D24F5CF-C13D-4B54-AD46-946859B7D3B7}.Debug|Any CPU.ActiveCfg = Debug|Any CPU
		{4D24F5CF-C13D-4B54-AD46-946859B7D3B7}.Debug|Any CPU.Build.0 = Debug|Any CPU
		{4D24F5CF-C13D-4B54-AD46-946859B7D3B7}.Debug|arm64.ActiveCfg = Debug|Any CPU
		{4D24F5CF-C13D-4B54-AD46-946859B7D3B7}.Debug|arm64.Build.0 = Debug|Any CPU
		{4D24F5CF-C13D-4B54-AD46-946859B7D3B7}.Debug|x64.ActiveCfg = Debug|Any CPU
		{4D24F5CF-C13D-4B54-AD46-946859B7D3B7}.Debug|x64.Build.0 = Debug|Any CPU
		{4D24F5CF-C13D-4B54-AD46-946859B7D3B7}.Debug|x86.ActiveCfg = Debug|Any CPU
		{4D24F5CF-C13D-4B54-AD46-946859B7D3B7}.Debug|x86.Build.0 = Debug|Any CPU
		{4D24F5CF-C13D-4B54-AD46-946859B7D3B7}.Release|Any CPU.ActiveCfg = Release|Any CPU
		{4D24F5CF-C13D-4B54-AD46-946859B7D3B7}.Release|Any CPU.Build.0 = Release|Any CPU
		{4D24F5CF-C13D-4B54-AD46-946859B7D3B7}.Release|arm64.ActiveCfg = Release|Any CPU
		{4D24F5CF-C13D-4B54-AD46-946859B7D3B7}.Release|arm64.Build.0 = Release|Any CPU
		{4D24F5CF-C13D-4B54-AD46-946859B7D3B7}.Release|x64.ActiveCfg = Release|Any CPU
		{4D24F5CF-C13D-4B54-AD46-946859B7D3B7}.Release|x64.Build.0 = Release|Any CPU
		{4D24F5CF-C13D-4B54-AD46-946859B7D3B7}.Release|x86.ActiveCfg = Release|Any CPU
		{4D24F5CF-C13D-4B54-AD46-946859B7D3B7}.Release|x86.Build.0 = Release|Any CPU
		{44C2C03B-1A80-428F-839F-658DD1469CB0}.Debug|Any CPU.ActiveCfg = Debug|Any CPU
		{44C2C03B-1A80-428F-839F-658DD1469CB0}.Debug|Any CPU.Build.0 = Debug|Any CPU
		{44C2C03B-1A80-428F-839F-658DD1469CB0}.Debug|arm64.ActiveCfg = Debug|Any CPU
		{44C2C03B-1A80-428F-839F-658DD1469CB0}.Debug|arm64.Build.0 = Debug|Any CPU
		{44C2C03B-1A80-428F-839F-658DD1469CB0}.Debug|x64.ActiveCfg = Debug|Any CPU
		{44C2C03B-1A80-428F-839F-658DD1469CB0}.Debug|x64.Build.0 = Debug|Any CPU
		{44C2C03B-1A80-428F-839F-658DD1469CB0}.Debug|x86.ActiveCfg = Debug|Any CPU
		{44C2C03B-1A80-428F-839F-658DD1469CB0}.Debug|x86.Build.0 = Debug|Any CPU
		{44C2C03B-1A80-428F-839F-658DD1469CB0}.Release|Any CPU.ActiveCfg = Release|Any CPU
		{44C2C03B-1A80-428F-839F-658DD1469CB0}.Release|Any CPU.Build.0 = Release|Any CPU
		{44C2C03B-1A80-428F-839F-658DD1469CB0}.Release|arm64.ActiveCfg = Release|Any CPU
		{44C2C03B-1A80-428F-839F-658DD1469CB0}.Release|arm64.Build.0 = Release|Any CPU
		{44C2C03B-1A80-428F-839F-658DD1469CB0}.Release|x64.ActiveCfg = Release|Any CPU
		{44C2C03B-1A80-428F-839F-658DD1469CB0}.Release|x64.Build.0 = Release|Any CPU
		{44C2C03B-1A80-428F-839F-658DD1469CB0}.Release|x86.ActiveCfg = Release|Any CPU
		{44C2C03B-1A80-428F-839F-658DD1469CB0}.Release|x86.Build.0 = Release|Any CPU
		{725B6D7A-ECC7-4A28-AF52-B1CB22C37134}.Debug|Any CPU.ActiveCfg = Debug|arm64
		{725B6D7A-ECC7-4A28-AF52-B1CB22C37134}.Debug|Any CPU.Build.0 = Debug|arm64
		{725B6D7A-ECC7-4A28-AF52-B1CB22C37134}.Debug|arm64.ActiveCfg = Debug|arm64
		{725B6D7A-ECC7-4A28-AF52-B1CB22C37134}.Debug|arm64.Build.0 = Debug|arm64
		{725B6D7A-ECC7-4A28-AF52-B1CB22C37134}.Debug|x64.ActiveCfg = Debug|arm64
		{725B6D7A-ECC7-4A28-AF52-B1CB22C37134}.Debug|x64.Build.0 = Debug|arm64
		{725B6D7A-ECC7-4A28-AF52-B1CB22C37134}.Debug|x86.ActiveCfg = Debug|arm64
		{725B6D7A-ECC7-4A28-AF52-B1CB22C37134}.Debug|x86.Build.0 = Debug|arm64
		{725B6D7A-ECC7-4A28-AF52-B1CB22C37134}.Release|Any CPU.ActiveCfg = Release|arm64
		{725B6D7A-ECC7-4A28-AF52-B1CB22C37134}.Release|Any CPU.Build.0 = Release|arm64
		{725B6D7A-ECC7-4A28-AF52-B1CB22C37134}.Release|arm64.ActiveCfg = Release|arm64
		{725B6D7A-ECC7-4A28-AF52-B1CB22C37134}.Release|arm64.Build.0 = Release|arm64
		{725B6D7A-ECC7-4A28-AF52-B1CB22C37134}.Release|x64.ActiveCfg = Release|arm64
		{725B6D7A-ECC7-4A28-AF52-B1CB22C37134}.Release|x64.Build.0 = Release|arm64
		{725B6D7A-ECC7-4A28-AF52-B1CB22C37134}.Release|x86.ActiveCfg = Release|arm64
		{725B6D7A-ECC7-4A28-AF52-B1CB22C37134}.Release|x86.Build.0 = Release|arm64
		{CDCF4EEA-1CA4-412E-8C77-78893A67A577}.Debug|Any CPU.ActiveCfg = Debug|x64
		{CDCF4EEA-1CA4-412E-8C77-78893A67A577}.Debug|Any CPU.Build.0 = Debug|x64
		{CDCF4EEA-1CA4-412E-8C77-78893A67A577}.Debug|arm64.ActiveCfg = Debug|x64
		{CDCF4EEA-1CA4-412E-8C77-78893A67A577}.Debug|arm64.Build.0 = Debug|x64
		{CDCF4EEA-1CA4-412E-8C77-78893A67A577}.Debug|x64.ActiveCfg = Debug|x64
		{CDCF4EEA-1CA4-412E-8C77-78893A67A577}.Debug|x64.Build.0 = Debug|x64
		{CDCF4EEA-1CA4-412E-8C77-78893A67A577}.Debug|x86.ActiveCfg = Debug|x64
		{CDCF4EEA-1CA4-412E-8C77-78893A67A577}.Debug|x86.Build.0 = Debug|x64
		{CDCF4EEA-1CA4-412E-8C77-78893A67A577}.Release|Any CPU.ActiveCfg = Release|x64
		{CDCF4EEA-1CA4-412E-8C77-78893A67A577}.Release|Any CPU.Build.0 = Release|x64
		{CDCF4EEA-1CA4-412E-8C77-78893A67A577}.Release|arm64.ActiveCfg = Release|x64
		{CDCF4EEA-1CA4-412E-8C77-78893A67A577}.Release|arm64.Build.0 = Release|x64
		{CDCF4EEA-1CA4-412E-8C77-78893A67A577}.Release|x64.ActiveCfg = Release|x64
		{CDCF4EEA-1CA4-412E-8C77-78893A67A577}.Release|x64.Build.0 = Release|x64
		{CDCF4EEA-1CA4-412E-8C77-78893A67A577}.Release|x86.ActiveCfg = Release|x64
		{CDCF4EEA-1CA4-412E-8C77-78893A67A577}.Release|x86.Build.0 = Release|x64
		{2D63EA35-BA9C-4E77-B5A4-4938DBBFEFA6}.Debug|Any CPU.ActiveCfg = Debug|Win32
		{2D63EA35-BA9C-4E77-B5A4-4938DBBFEFA6}.Debug|Any CPU.Build.0 = Debug|Win32
		{2D63EA35-BA9C-4E77-B5A4-4938DBBFEFA6}.Debug|arm64.ActiveCfg = Debug|Win32
		{2D63EA35-BA9C-4E77-B5A4-4938DBBFEFA6}.Debug|arm64.Build.0 = Debug|Win32
		{2D63EA35-BA9C-4E77-B5A4-4938DBBFEFA6}.Debug|x64.ActiveCfg = Debug|Win32
		{2D63EA35-BA9C-4E77-B5A4-4938DBBFEFA6}.Debug|x64.Build.0 = Debug|Win32
		{2D63EA35-BA9C-4E77-B5A4-4938DBBFEFA6}.Debug|x86.ActiveCfg = Debug|Win32
		{2D63EA35-BA9C-4E77-B5A4-4938DBBFEFA6}.Debug|x86.Build.0 = Debug|Win32
		{2D63EA35-BA9C-4E77-B5A4-4938DBBFEFA6}.Release|Any CPU.ActiveCfg = Release|Win32
		{2D63EA35-BA9C-4E77-B5A4-4938DBBFEFA6}.Release|Any CPU.Build.0 = Release|Win32
		{2D63EA35-BA9C-4E77-B5A4-4938DBBFEFA6}.Release|arm64.ActiveCfg = Release|Win32
		{2D63EA35-BA9C-4E77-B5A4-4938DBBFEFA6}.Release|arm64.Build.0 = Release|Win32
		{2D63EA35-BA9C-4E77-B5A4-4938DBBFEFA6}.Release|x64.ActiveCfg = Release|Win32
		{2D63EA35-BA9C-4E77-B5A4-4938DBBFEFA6}.Release|x64.Build.0 = Release|Win32
		{2D63EA35-BA9C-4E77-B5A4-4938DBBFEFA6}.Release|x86.ActiveCfg = Release|Win32
		{2D63EA35-BA9C-4E77-B5A4-4938DBBFEFA6}.Release|x86.Build.0 = Release|Win32
	EndGlobalSection
	GlobalSection(SolutionProperties) = preSolution
		HideSolutionNode = FALSE
	EndGlobalSection
	GlobalSection(NestedProjects) = preSolution
		{725B6D7A-ECC7-4A28-AF52-B1CB22C37134} = {C0E7269E-BE7B-4CC3-9F91-6EA1C759FF4A}
		{CDCF4EEA-1CA4-412E-8C77-78893A67A577} = {C0E7269E-BE7B-4CC3-9F91-6EA1C759FF4A}
		{2D63EA35-BA9C-4E77-B5A4-4938DBBFEFA6} = {C0E7269E-BE7B-4CC3-9F91-6EA1C759FF4A}
	EndGlobalSection
	GlobalSection(ExtensibilityGlobals) = postSolution
		SolutionGuid = {E8CF35C4-062B-459D-A650-C1638709E96D}
	EndGlobalSection
EndGlobal
